schema: '2.0'
stages:
  get-data:
    cmd: python src/get_data.py --output_folder outs/data
    deps:
    - path: src/get_data.py
      md5: 2bab0f77d8718d40568d8659353a4515
      size: 2062
    params:
      params.yaml:
        data:
          repo: iterative/dvc
          labels:
          - data-sync
          - experiments
          - pipelines
          since: 2021/01/01
          until: 2022/04/01
          output_folder: outs/data
          metrics_file: outs/data_metrics.json
    outs:
    - path: outs/data
      md5: d8923329928f0763cc0e88e3a6a5f91e.dir
      size: 7905
      nfiles: 149
    - path: outs/data_metrics.json
      md5: 010dd51f7b855593b07963b41a6e75c9
      size: 67
  split-data:
    cmd: python src/split_data.py outs/data outs/split 0.2 outs/split_metrics.json
    deps:
    - path: outs/data
      md5: d8923329928f0763cc0e88e3a6a5f91e.dir
      size: 7905
      nfiles: 149
    - path: src/split_data.py
      md5: 4257c1dd971b77407f5e86af0e0edd4d
      size: 2177
    outs:
    - path: outs/split
      md5: f69b28e21c37c65d5faab65dbd9bf4e5.dir
      size: 11803
      nfiles: 2
    - path: outs/split_metrics.json
      md5: 47fb493cfe1e8a4bf427b742f5ae8084
      size: 176
  compute-data-metrics:
    cmd: python src/compute_data_metrics.py --input_folder outs/data --output_metrics_file
      outs/data_metrics.json
    deps:
    - path: outs/data
      md5: ee718b82fa4b349030b0d118f6ad4eb0.dir
      size: 7726
      nfiles: 149
    - path: src/compute_data_metrics.py
      md5: 2667ba0ed4ea950a2c77df60a2921429
      size: 566
    outs:
    - path: outs/data_metrics.json
      md5: b47806515a30f27fc1bb228bc1389a1f
      size: 63
  train:
    cmd: python src/train.py outs/split outs/train
    deps:
    - path: outs/split
      md5: f69b28e21c37c65d5faab65dbd9bf4e5.dir
      size: 11803
      nfiles: 2
    - path: src/train.py
      md5: 29a6eba3d0d68ceaba83acf2b61b3afc
      size: 2523
    params:
      params.yaml:
        data.labels:
        - data-sync
        - experiments
        - pipelines
        train:
          output_folder: outs/train
          metrics_folder: outs/train_metrics
          pretrained_model: MoritzLaurer/xtremedistil-l6-h256-mnli-fever-anli-ling-binary
          epochs: 10
    outs:
    - path: outs/train
      md5: 6e0d6f36a2af3a325b135f862b219bc1.dir
      size: 51986035
      nfiles: 7
    - path: outs/train_metrics
      md5: 452ea2adc2077eeb1508b7d869f2b48f.dir
      size: 2114
      nfiles: 10
    - path: outs/train_metrics.json
      md5: ed3a6f04188d43521c82e3efb4418235
      size: 366
  eval:
    cmd: python src/eval.py outs/split/val.json outs/train outs/eval
    deps:
    - path: outs/split/val.json
      md5: aa6145c7aa9ce8e4dac922088d974a3d
      size: 2310
    - path: outs/train
      md5: 6e0d6f36a2af3a325b135f862b219bc1.dir
      size: 51986035
      nfiles: 7
    - path: src/eval.py
      md5: f733df5cfaaef682afcc65babff16c06
      size: 978
    - path: src/inference.py
      md5: 0c3515e93bb2377cc71dd6086c9d1010
      size: 605
    params:
      params.yaml:
        data.labels:
        - data-sync
        - experiments
        - pipelines
    outs:
    - path: outs/eval/plots/confusion_matrix.json
      md5: c9c8d6bb088b918c328712fd082fb232
      size: 2374
